{
  "nodes": {
    "emacs-overlay": {
      "inputs": {
        "flake-utils": "flake-utils",
        "nixpkgs": [
          "nixpkgs"
        ]
      },
      "locked": {
        "lastModified": 1678067973,
        "narHash": "sha256-aTPEoFrdRiaABvmSr9JRSOkuVt4hRPk6tTH4jEBYRPo=",
        "owner": "nix-community",
        "repo": "emacs-overlay",
        "rev": "20d727342f4c6db4be4faeaa413d246f7ee3bbc4",
        "type": "github"
      },
      "original": {
        "owner": "nix-community",
        "repo": "emacs-overlay",
        "type": "github"
      }
    },
    "fenix": {
      "inputs": {
        "nixpkgs": [
          "nixpkgs"
        ],
        "rust-analyzer-src": "rust-analyzer-src"
      },
      "locked": {
        "lastModified": 1678083931,
        "narHash": "sha256-RO45RWYuIAej5+0x+NHzrkGJ/9p5/gUGMKFX+lSlJ2I=",
        "owner": "nix-community",
        "repo": "fenix",
        "rev": "51c621ea8f64dafb9d3ce6c98718ca9fee1e05bb",
        "type": "github"
      },
      "original": {
        "owner": "nix-community",
        "repo": "fenix",
        "type": "github"
      }
    },
    "flake-utils": {
      "locked": {
        "lastModified": 1667395993,
        "narHash": "sha256-nuEHfE/LcWyuSWnS8t12N1wc105Qtau+/OdUAjtQ0rA=",
        "owner": "numtide",
        "repo": "flake-utils",
        "rev": "5aed5285a952e0b949eb3ba02c12fa4fcfef535f",
        "type": "github"
      },
      "original": {
        "owner": "numtide",
        "repo": "flake-utils",
        "type": "github"
      }
    },
    "home-manager": {
      "inputs": {
        "nixpkgs": [
          "nixpkgs"
        ],
        "utils": "utils"
      },
      "locked": {
        "lastModified": 1678019241,
        "narHash": "sha256-ntj0u3guaIu9dT8aZ3HtnEVhIsibtM7EaG/2VteKaTw=",
        "owner": "nix-community",
        "repo": "home-manager",
        "rev": "e314f6cf211e480ab8fa101a017e593a9bb9f21b",
        "type": "github"
      },
      "original": {
        "owner": "nix-community",
        "ref": "master",
        "repo": "home-manager",
        "type": "github"
      }
    },
    "mobile-nixos": {
      "flake": false,
      "locked": {
        "lastModified": 1677879564,
        "narHash": "sha256-luJTRYY1zEoN5fSGwbZxq66IE1kdrqOq0/iBWzw7gOI=",
        "owner": "nixos",
        "repo": "mobile-nixos",
        "rev": "9a0c317a027d1c085c641fe6df1f51b71880b720",
        "type": "github"
      },
      "original": {
        "owner": "nixos",
        "repo": "mobile-nixos",
        "type": "github"
      }
    },
    "nixpkgs": {
      "locked": {
        "lastModified": 1677932085,
        "narHash": "sha256-+AB4dYllWig8iO6vAiGGYl0NEgmMgGHpy9gzWJ3322g=",
        "owner": "NixOS",
        "repo": "nixpkgs",
        "rev": "3c5319ad3aa51551182ac82ea17ab1c6b0f0df89",
        "type": "github"
      },
      "original": {
        "owner": "NixOS",
        "ref": "nixos-unstable",
        "repo": "nixpkgs",
        "type": "github"
      }
    },
    "nixpkgs-obs-backgroundremoval": {
      "locked": {
        "lastModified": 1671359686,
        "narHash": "sha256-3MpC6yZo+Xn9cPordGz2/ii6IJpP2n8LE8e/ebUXLrs=",
        "owner": "NixOS",
        "repo": "nixpkgs",
        "rev": "04f574a1c0fde90b51bf68198e2297ca4e7cccf4",
        "type": "github"
      },
      "original": {
        "owner": "NixOS",
        "ref": "04f574a1c0fde90b51bf68198e2297ca4e7cccf4",
        "repo": "nixpkgs",
        "type": "github"
      }
    },
    "nur": {
      "locked": {
        "lastModified": 1678089079,
        "narHash": "sha256-7csLzliiPNp8qWgM3lrZZlmnyK76Wk5RoECrCNMA6z8=",
        "owner": "nix-community",
        "repo": "nur",
        "rev": "2d93ccd26f17d01fa664b9a4a202c4b9bbee1cb2",
        "type": "github"
      },
      "original": {
        "owner": "nix-community",
        "repo": "nur",
        "type": "github"
      }
    },
    "root": {
      "inputs": {
        "emacs-overlay": "emacs-overlay",
        "fenix": "fenix",
        "home-manager": "home-manager",
        "mobile-nixos": "mobile-nixos",
        "nixpkgs": "nixpkgs",
        "nixpkgs-obs-backgroundremoval": "nixpkgs-obs-backgroundremoval",
        "nur": "nur"
      }
    },
    "rust-analyzer-src": {
      "flake": false,
      "locked": {
        "lastModified": 1678033668,
        "narHash": "sha256-Njlus+vY3N++qWE0JXrGjwcXY2QDFuOV/7NruBBMETY=",
        "owner": "rust-lang",
        "repo": "rust-analyzer",
        "rev": "0a956ec9326eca09725d64d9f1b63896f93505d1",
        "type": "github"
      },
      "original": {
        "owner": "rust-lang",
        "ref": "nightly",
        "repo": "rust-analyzer",
        "type": "github"
      }
    },
    "utils": {
      "locked": {
        "lastModified": 1667395993,
        "narHash": "sha256-nuEHfE/LcWyuSWnS8t12N1wc105Qtau+/OdUAjtQ0rA=",
        "owner": "numtide",
        "repo": "flake-utils",
        "rev": "5aed5285a952e0b949eb3ba02c12fa4fcfef535f",
        "type": "github"
      },
      "original": {
        "owner": "numtide",
        "repo": "flake-utils",
        "type": "github"
      }
    }
  },
  "root": "root",
  "version": 7
}
